
Microsoft Visual Studio Solution File, Format Version 12.00
# Visual Studio Version 17
VisualStudioVersion = 17.5.002.0
MinimumVisualStudioVersion = 10.0.40219.1
Project("{9A19103F-16F7-4668-BE54-9A1E7A4F7556}") = "api", "api\api.csproj", "{72DDEE9D-C502-4E78-BE56-B9B67B20232E}"
EndProject
Global
	GlobalSection(SolutionConfigurationPlatforms) = preSolution
		Debug|Any CPU = Debug|Any CPU
		Release|Any CPU = Release|Any CPU
	EndGlobalSection
	GlobalSection(ProjectConfigurationPlatforms) = postSolution
		{72DDEE9D-C502-4E78-BE56-B9B67B20232E}.Debug|Any CPU.ActiveCfg = Debug|Any CPU
		{72DDEE9D-C502-4E78-BE56-B9B67B20232E}.Debug|Any CPU.Build.0 = Debug|Any CPU
		{72DDEE9D-C502-4E78-BE56-B9B67B20232E}.Release|Any CPU.ActiveCfg = Release|Any CPU
		{72DDEE9D-C502-4E78-BE56-B9B67B20232E}.Release|Any CPU.Build.0 = Release|Any CPU
	EndGlobalSection
	GlobalSection(SolutionProperties) = preSolution
		HideSolutionNode = FALSE
	EndGlobalSection
	GlobalSection(ExtensibilityGlobals) = postSolution
		SolutionGuid = {AC53283F-A051-4B37-827E-127BE736A704}
	EndGlobalSection
EndGlobal
